
Microsoft Visual Studio Solution File, Format Version 12.00
# Visual Studio 15
VisualStudioVersion = 15.0.26430.6
MinimumVisualStudioVersion = 10.0.40219.1
Project("{FAE04EC0-301F-11D3-BF4B-00C04F79EFBC}") = "DP_TP2", "DP_TP2\DP_TP2.csproj", "{82268D56-51F0-4D7D-A99E-F100C6F3D31D}"
EndProject
Global
	GlobalSection(Performance) = preSolution
		HasPerformanceSessions = true
	EndGlobalSection
	GlobalSection(SolutionConfigurationPlatforms) = preSolution
		Debug|Any CPU = Debug|Any CPU
		Release|Any CPU = Release|Any CPU
	EndGlobalSection
	GlobalSection(ProjectConfigurationPlatforms) = postSolution
		{82268D56-51F0-4D7D-A99E-F100C6F3D31D}.Debug|Any CPU.ActiveCfg = Debug|Any CPU
		{82268D56-51F0-4D7D-A99E-F100C6F3D31D}.Debug|Any CPU.Build.0 = Debug|Any CPU
		{82268D56-51F0-4D7D-A99E-F100C6F3D31D}.Release|Any CPU.ActiveCfg = Release|Any CPU
		{82268D56-51F0-4D7D-A99E-F100C6F3D31D}.Release|Any CPU.Build.0 = Release|Any CPU
	EndGlobalSection
	GlobalSection(SolutionProperties) = preSolution
		HideSolutionNode = FALSE
	EndGlobalSection
	GlobalSection(ExtensibilityGlobals) = postSolution
		SolutionGuid = {E1976BAF-30D9-4B1E-9894-9A8897D7E8D9}
	EndGlobalSection
EndGlobal
